
Microsoft Visual Studio Solution File, Format Version 12.00
# Visual Studio Version 17
VisualStudioVersion = 17.7.33906.173
MinimumVisualStudioVersion = 10.0.40219.1
Project("{FAE04EC0-301F-11D3-BF4B-00C04F79EFBC}") = "PGM ORM", "PGM ORM\PGM ORM.csproj", "{3F85CC2C-E241-4C0C-AF51-81484C42B72D}"
EndProject
Global
	GlobalSection(SolutionConfigurationPlatforms) = preSolution
		Debug|Any CPU = Debug|Any CPU
		Release|Any CPU = Release|Any CPU
	EndGlobalSection
	GlobalSection(ProjectConfigurationPlatforms) = postSolution
		{3F85CC2C-E241-4C0C-AF51-81484C42B72D}.Debug|Any CPU.ActiveCfg = Debug|Any CPU
		{3F85CC2C-E241-4C0C-AF51-81484C42B72D}.Debug|Any CPU.Build.0 = Debug|Any CPU
		{3F85CC2C-E241-4C0C-AF51-81484C42B72D}.Release|Any CPU.ActiveCfg = Release|Any CPU
		{3F85CC2C-E241-4C0C-AF51-81484C42B72D}.Release|Any CPU.Build.0 = Release|Any CPU
	EndGlobalSection
	GlobalSection(SolutionProperties) = preSolution
		HideSolutionNode = FALSE
	EndGlobalSection
	GlobalSection(ExtensibilityGlobals) = postSolution
		SolutionGuid = {B86742CF-9D02-4ABB-9BF4-525DC68D89AE}
	EndGlobalSection
EndGlobal
